
Microsoft Visual Studio Solution File, Format Version 12.00
# Visual Studio 15
VisualStudioVersion = 15.0.26730.10
MinimumVisualStudioVersion = 10.0.40219.1
Project("{9A19103F-16F7-4668-BE54-9A1E7A4F7556}") = "CheukEdit", "CheukEdit\CheukEdit.csproj", "{B9F0296C-8082-4CA5-912C-624F6A5329E6}"
EndProject
Project("{2150E333-8FDC-42A3-9474-1A3956D46DE8}") = "Solution Items", "Solution Items", "{72FEFA26-2CB9-4446-87D3-F86EE8931579}"
	ProjectSection(SolutionItems) = preProject
		.editorconfig = .editorconfig
		.gitattributes = .gitattributes
		.gitignore = .gitignore
		LICENSE = LICENSE
		README.md = README.md
	EndProjectSection
EndProject
Global
	GlobalSection(SolutionConfigurationPlatforms) = preSolution
		Debug|Any CPU = Debug|Any CPU
		Release|Any CPU = Release|Any CPU
	EndGlobalSection
	GlobalSection(ProjectConfigurationPlatforms) = postSolution
		{B9F0296C-8082-4CA5-912C-624F6A5329E6}.Debug|Any CPU.ActiveCfg = Debug|Any CPU
		{B9F0296C-8082-4CA5-912C-624F6A5329E6}.Debug|Any CPU.Build.0 = Debug|Any CPU
		{B9F0296C-8082-4CA5-912C-624F6A5329E6}.Release|Any CPU.ActiveCfg = Release|Any CPU
		{B9F0296C-8082-4CA5-912C-624F6A5329E6}.Release|Any CPU.Build.0 = Release|Any CPU
	EndGlobalSection
	GlobalSection(SolutionProperties) = preSolution
		HideSolutionNode = FALSE
	EndGlobalSection
	GlobalSection(ExtensibilityGlobals) = postSolution
		SolutionGuid = {FD6A7032-E81D-421A-9831-B6BB3DCC3115}
	EndGlobalSection
EndGlobal
